// !$*UTF8*$!
{
	archiveVersion = 1;
	classes = {
	};
	objectVersion = 46;
	objects = {

/* Begin PBXBuildFile section */
		3EE122C81C778F480068B4D4 /* main.m in Sources */ = {isa = PBXBuildFile; fileRef = 3EE122C71C778F480068B4D4 /* main.m */; };
		3EE122CB1C778F480068B4D4 /* AppDelegate.m in Sources */ = {isa = PBXBuildFile; fileRef = 3EE122CA1C778F480068B4D4 /* AppDelegate.m */; };
		3EE122CE1C778F480068B4D4 /* RootController.m in Sources */ = {isa = PBXBuildFile; fileRef = 3EE122CD1C778F480068B4D4 /* RootController.m */; };
		3EE122D11C778F480068B4D4 /* Main.storyboard in Resources */ = {isa = PBXBuildFile; fileRef = 3EE122CF1C778F480068B4D4 /* Main.storyboard */; };
		3EE122D31C778F480068B4D4 /* Images.xcassets in Resources */ = {isa = PBXBuildFile; fileRef = 3EE122D21C778F480068B4D4 /* Images.xcassets */; };
		3EE122D61C778F480068B4D4 /* LaunchScreen.xib in Resources */ = {isa = PBXBuildFile; fileRef = 3EE122D41C778F480068B4D4 /* LaunchScreen.xib */; };
		3EE122E21C778F480068B4D4 /* NavigationControllerDemoTests.m in Sources */ = {isa = PBXBuildFile; fileRef = 3EE122E11C778F480068B4D4 /* NavigationControllerDemoTests.m */; };
		3EE122ED1C7792080068B4D4 /* AdicionarController.m in Sources */ = {isa = PBXBuildFile; fileRef = 3EE122EB1C7792080068B4D4 /* AdicionarController.m */; };
		3EE122EE1C7792080068B4D4 /* AdicionarController.xib in Resources */ = {isa = PBXBuildFile; fileRef = 3EE122EC1C7792080068B4D4 /* AdicionarController.xib */; };
		3EE122F31C77923A0068B4D4 /* ConfiguracoesController.m in Sources */ = {isa = PBXBuildFile; fileRef = 3EE122F01C77923A0068B4D4 /* ConfiguracoesController.m */; };
		3EE122F41C77923A0068B4D4 /* ConfiguracoesController.xib in Resources */ = {isa = PBXBuildFile; fileRef = 3EE122F11C77923A0068B4D4 /* ConfiguracoesController.xib */; };
		3EE122F91C7796590068B4D4 /* DadosAcessoController.m in Sources */ = {isa = PBXBuildFile; fileRef = 3EE122F71C7796590068B4D4 /* DadosAcessoController.m */; };
		3EE122FA1C7796590068B4D4 /* DadosAcessoController.xib in Resources */ = {isa = PBXBuildFile; fileRef = 3EE122F81C7796590068B4D4 /* DadosAcessoController.xib */; };
/* End PBXBuildFile section */

/* Begin PBXContainerItemProxy section */
		3EE122DC1C778F480068B4D4 /* PBXContainerItemProxy */ = {
			isa = PBXContainerItemProxy;
			containerPortal = 3EE122BA1C778F480068B4D4 /* Project object */;
			proxyType = 1;
			remoteGlobalIDString = 3EE122C11C778F480068B4D4;
			remoteInfo = NavigationControllerDemo;
		};
/* End PBXContainerItemProxy section */

/* Begin PBXFileReference section */
		3EE122C21C778F480068B4D4 /* NavigationControllerDemo.app */ = {isa = PBXFileReference; explicitFileType = wrapper.application; includeInIndex = 0; path = NavigationControllerDemo.app; sourceTree = BUILT_PRODUCTS_DIR; };
		3EE122C61C778F480068B4D4 /* Info.plist */ = {isa = PBXFileReference; lastKnownFileType = text.plist.xml; path = Info.plist; sourceTree = "<group>"; };
		3EE122C71C778F480068B4D4 /* main.m */ = {isa = PBXFileReference; lastKnownFileType = sourcecode.c.objc; path = main.m; sourceTree = "<group>"; };
		3EE122C91C778F480068B4D4 /* AppDelegate.h */ = {isa = PBXFileReference; lastKnownFileType = sourcecode.c.h; path = AppDelegate.h; sourceTree = "<group>"; };
		3EE122CA1C778F480068B4D4 /* AppDelegate.m */ = {isa = PBXFileReference; lastKnownFileType = sourcecode.c.objc; path = AppDelegate.m; sourceTree = "<group>"; };
		3EE122CC1C778F480068B4D4 /* RootController.h */ = {isa = PBXFileReference; lastKnownFileType = sourcecode.c.h; path = RootController.h; sourceTree = "<group>"; };
		3EE122CD1C778F480068B4D4 /* RootController.m */ = {isa = PBXFileReference; lastKnownFileType = sourcecode.c.objc; path = RootController.m; sourceTree = "<group>"; };
		3EE122D01C778F480068B4D4 /* Base */ = {isa = PBXFileReference; lastKnownFileType = file.storyboard; name = Base; path = Base.lproj/Main.storyboard; sourceTree = "<group>"; };
		3EE122D21C778F480068B4D4 /* Images.xcassets */ = {isa = PBXFileReference; lastKnownFileType = folder.assetcatalog; path = Images.xcassets; sourceTree = "<group>"; };
		3EE122D51C778F480068B4D4 /* Base */ = {isa = PBXFileReference; lastKnownFileType = file.xib; name = Base; path = Base.lproj/LaunchScreen.xib; sourceTree = "<group>"; };
		3EE122DB1C778F480068B4D4 /* NavigationControllerDemoTests.xctest */ = {isa = PBXFileReference; explicitFileType = wrapper.cfbundle; includeInIndex = 0; path = NavigationControllerDemoTests.xctest; sourceTree = BUILT_PRODUCTS_DIR; };
		3EE122E01C778F480068B4D4 /* Info.plist */ = {isa = PBXFileReference; lastKnownFileType = text.plist.xml; path = Info.plist; sourceTree = "<group>"; };
		3EE122E11C778F480068B4D4 /* NavigationControllerDemoTests.m */ = {isa = PBXFileReference; lastKnownFileType = sourcecode.c.objc; path = NavigationControllerDemoTests.m; sourceTree = "<group>"; };
		3EE122EB1C7792080068B4D4 /* AdicionarController.m */ = {isa = PBXFileReference; fileEncoding = 4; lastKnownFileType = sourcecode.c.objc; path = AdicionarController.m; sourceTree = "<group>"; };
		3EE122EC1C7792080068B4D4 /* AdicionarController.xib */ = {isa = PBXFileReference; fileEncoding = 4; lastKnownFileType = file.xib; path = AdicionarController.xib; sourceTree = "<group>"; };
		3EE122EF1C7792280068B4D4 /* AdicionarController.h */ = {isa = PBXFileReference; fileEncoding = 4; lastKnownFileType = sourcecode.c.h; path = AdicionarController.h; sourceTree = "<group>"; };
		3EE122F01C77923A0068B4D4 /* ConfiguracoesController.m */ = {isa = PBXFileReference; fileEncoding = 4; lastKnownFileType = sourcecode.c.objc; path = ConfiguracoesController.m; sourceTree = "<group>"; };
		3EE122F11C77923A0068B4D4 /* ConfiguracoesController.xib */ = {isa = PBXFileReference; fileEncoding = 4; lastKnownFileType = file.xib; path = ConfiguracoesController.xib; sourceTree = "<group>"; };
		3EE122F21C77923A0068B4D4 /* AdicionarController.h */ = {isa = PBXFileReference; fileEncoding = 4; lastKnownFileType = sourcecode.c.h; path = AdicionarController.h; sourceTree = "<group>"; };
		3EE122F51C77924E0068B4D4 /* ConfiguracoesController.h */ = {isa = PBXFileReference; fileEncoding = 4; lastKnownFileType = sourcecode.c.h; path = ConfiguracoesController.h; sourceTree = "<group>"; };
		3EE122F61C7796590068B4D4 /* DadosAcessoController.h */ = {isa = PBXFileReference; fileEncoding = 4; lastKnownFileType = sourcecode.c.h; path = DadosAcessoController.h; sourceTree = "<group>"; };
		3EE122F71C7796590068B4D4 /* DadosAcessoController.m */ = {isa = PBXFileReference; fileEncoding = 4; lastKnownFileType = sourcecode.c.objc; path = DadosAcessoController.m; sourceTree = "<group>"; };
		3EE122F81C7796590068B4D4 /* DadosAcessoController.xib */ = {isa = PBXFileReference; fileEncoding = 4; lastKnownFileType = file.xib; path = DadosAcessoController.xib; sourceTree = "<group>"; };
/* End PBXFileReference section */

/* Begin PBXFrameworksBuildPhase section */
		3EE122BF1C778F480068B4D4 /* Frameworks */ = {
			isa = PBXFrameworksBuildPhase;
			buildActionMask = 2147483647;
			files = (
			);
			runOnlyForDeploymentPostprocessing = 0;
		};
		3EE122D81C778F480068B4D4 /* Frameworks */ = {
			isa = PBXFrameworksBuildPhase;
			buildActionMask = 2147483647;
			files = (
			);
			runOnlyForDeploymentPostprocessing = 0;
		};
/* End PBXFrameworksBuildPhase section */

/* Begin PBXGroup section */
		3EE122B91C778F480068B4D4 = {
			isa = PBXGroup;
			children = (
				3EE122C41C778F480068B4D4 /* NavigationControllerDemo */,
				3EE122DE1C778F480068B4D4 /* NavigationControllerDemoTests */,
				3EE122C31C778F480068B4D4 /* Products */,
			);
			sourceTree = "<group>";
		};
		3EE122C31C778F480068B4D4 /* Products */ = {
			isa = PBXGroup;
			children = (
				3EE122C21C778F480068B4D4 /* NavigationControllerDemo.app */,
				3EE122DB1C778F480068B4D4 /* NavigationControllerDemoTests.xctest */,
			);
			name = Products;
			sourceTree = "<group>";
		};
		3EE122C41C778F480068B4D4 /* NavigationControllerDemo */ = {
			isa = PBXGroup;
			children = (
				3EE122F61C7796590068B4D4 /* DadosAcessoController.h */,
				3EE122F71C7796590068B4D4 /* DadosAcessoController.m */,
				3EE122F81C7796590068B4D4 /* DadosAcessoController.xib */,
				3EE122F51C77924E0068B4D4 /* ConfiguracoesController.h */,
				3EE122F01C77923A0068B4D4 /* ConfiguracoesController.m */,
				3EE122F11C77923A0068B4D4 /* ConfiguracoesController.xib */,
				3EE122F21C77923A0068B4D4 /* AdicionarController.h */,
				3EE122EF1C7792280068B4D4 /* AdicionarController.h */,
				3EE122EB1C7792080068B4D4 /* AdicionarController.m */,
				3EE122EC1C7792080068B4D4 /* AdicionarController.xib */,
				3EE122C91C778F480068B4D4 /* AppDelegate.h */,
				3EE122CA1C778F480068B4D4 /* AppDelegate.m */,
				3EE122CC1C778F480068B4D4 /* RootController.h */,
				3EE122CD1C778F480068B4D4 /* RootController.m */,
				3EE122CF1C778F480068B4D4 /* Main.storyboard */,
				3EE122D21C778F480068B4D4 /* Images.xcassets */,
				3EE122D41C778F480068B4D4 /* LaunchScreen.xib */,
				3EE122C51C778F480068B4D4 /* Supporting Files */,
			);
			path = NavigationControllerDemo;
			sourceTree = "<group>";
		};
		3EE122C51C778F480068B4D4 /* Supporting Files */ = {
			isa = PBXGroup;
			children = (
				3EE122C61C778F480068B4D4 /* Info.plist */,
				3EE122C71C778F480068B4D4 /* main.m */,
			);
			name = "Supporting Files";
			sourceTree = "<group>";
		};
		3EE122DE1C778F480068B4D4 /* NavigationControllerDemoTests */ = {
			isa = PBXGroup;
			children = (
				3EE122E11C778F480068B4D4 /* NavigationControllerDemoTests.m */,
				3EE122DF1C778F480068B4D4 /* Supporting Files */,
			);
			path = NavigationControllerDemoTests;
			sourceTree = "<group>";
		};
		3EE122DF1C778F480068B4D4 /* Supporting Files */ = {
			isa = PBXGroup;
			children = (
				3EE122E01C778F480068B4D4 /* Info.plist */,
			);
			name = "Supporting Files";
			sourceTree = "<group>";
		};
/* End PBXGroup section */

/* Begin PBXNativeTarget section */
		3EE122C11C778F480068B4D4 /* NavigationControllerDemo */ = {
			isa = PBXNativeTarget;
			buildConfigurationList = 3EE122E51C778F480068B4D4 /* Build configuration list for PBXNativeTarget "NavigationControllerDemo" */;
			buildPhases = (
				3EE122BE1C778F480068B4D4 /* Sources */,
				3EE122BF1C778F480068B4D4 /* Frameworks */,
				3EE122C01C778F480068B4D4 /* Resources */,
			);
			buildRules = (
			);
			dependencies = (
			);
			name = NavigationControllerDemo;
			productName = NavigationControllerDemo;
			productReference = 3EE122C21C778F480068B4D4 /* NavigationControllerDemo.app */;
			productType = "com.apple.product-type.application";
		};
		3EE122DA1C778F480068B4D4 /* NavigationControllerDemoTests */ = {
			isa = PBXNativeTarget;
			buildConfigurationList = 3EE122E81C778F480068B4D4 /* Build configuration list for PBXNativeTarget "NavigationControllerDemoTests" */;
			buildPhases = (
				3EE122D71C778F480068B4D4 /* Sources */,
				3EE122D81C778F480068B4D4 /* Frameworks */,
				3EE122D91C778F480068B4D4 /* Resources */,
			);
			buildRules = (
			);
			dependencies = (
				3EE122DD1C778F480068B4D4 /* PBXTargetDependency */,
			);
			name = NavigationControllerDemoTests;
			productName = NavigationControllerDemoTests;
			productReference = 3EE122DB1C778F480068B4D4 /* NavigationControllerDemoTests.xctest */;
			productType = "com.apple.product-type.bundle.unit-test";
		};
/* End PBXNativeTarget section */

/* Begin PBXProject section */
		3EE122BA1C778F480068B4D4 /* Project object */ = {
			isa = PBXProject;
			attributes = {
				LastUpgradeCheck = 0640;
				ORGANIZATIONNAME = "Anderson Uchôa";
				TargetAttributes = {
					3EE122C11C778F480068B4D4 = {
						CreatedOnToolsVersion = 6.4;
					};
					3EE122DA1C778F480068B4D4 = {
						CreatedOnToolsVersion = 6.4;
						TestTargetID = 3EE122C11C778F480068B4D4;
					};
				};
			};
			buildConfigurationList = 3EE122BD1C778F480068B4D4 /* Build configuration list for PBXProject "NavigationControllerDemo" */;
			compatibilityVersion = "Xcode 3.2";
			developmentRegion = English;
			hasScannedForEncodings = 0;
			knownRegions = (
				en,
				Base,
			);
			mainGroup = 3EE122B91C778F480068B4D4;
			productRefGroup = 3EE122C31C778F480068B4D4 /* Products */;
			projectDirPath = "";
			projectRoot = "";
			targets = (
				3EE122C11C778F480068B4D4 /* NavigationControllerDemo */,
				3EE122DA1C778F480068B4D4 /* NavigationControllerDemoTests */,
			);
		};
/* End PBXProject section */

/* Begin PBXResourcesBuildPhase section */
		3EE122C01C778F480068B4D4 /* Resources */ = {
			isa = PBXResourcesBuildPhase;
			buildActionMask = 2147483647;
			files = (
				3EE122F41C77923A0068B4D4 /* ConfiguracoesController.xib in Resources */,
				3EE122FA1C7796590068B4D4 /* DadosAcessoController.xib in Resources */,
				3EE122D11C778F480068B4D4 /* Main.storyboard in Resources */,
				3EE122D61C778F480068B4D4 /* LaunchScreen.xib in Resources */,
				3EE122EE1C7792080068B4D4 /* AdicionarController.xib in Resources */,
				3EE122D31C778F480068B4D4 /* Images.xcassets in Resources */,
			);
			runOnlyForDeploymentPostprocessing = 0;
		};
		3EE122D91C778F480068B4D4 /* Resources */ = {
			isa = PBXResourcesBuildPhase;
			buildActionMask = 2147483647;
			files = (
			);
			runOnlyForDeploymentPostprocessing = 0;
		};
/* End PBXResourcesBuildPhase section */

/* Begin PBXSourcesBuildPhase section */
		3EE122BE1C778F480068B4D4 /* Sources */ = {
			isa = PBXSourcesBuildPhase;
			buildActionMask = 2147483647;
			files = (
				3EE122CE1C778F480068B4D4 /* RootController.m in Sources */,
				3EE122F91C7796590068B4D4 /* DadosAcessoController.m in Sources */,
				3EE122F31C77923A0068B4D4 /* ConfiguracoesController.m in Sources */,
				3EE122CB1C778F480068B4D4 /* AppDelegate.m in Sources */,
				3EE122ED1C7792080068B4D4 /* AdicionarController.m in Sources */,
				3EE122C81C778F480068B4D4 /* main.m in Sources */,
			);
			runOnlyForDeploymentPostprocessing = 0;
		};
		3EE122D71C778F480068B4D4 /* Sources */ = {
			isa = PBXSourcesBuildPhase;
			buildActionMask = 2147483647;
			files = (
				3EE122E21C778F480068B4D4 /* NavigationControllerDemoTests.m in Sources */,
			);
			runOnlyForDeploymentPostprocessing = 0;
		};
/* End PBXSourcesBuildPhase section */

/* Begin PBXTargetDependency section */
		3EE122DD1C778F480068B4D4 /* PBXTargetDependency */ = {
			isa = PBXTargetDependency;
			target = 3EE122C11C778F480068B4D4 /* NavigationControllerDemo */;
			targetProxy = 3EE122DC1C778F480068B4D4 /* PBXContainerItemProxy */;
		};
/* End PBXTargetDependency section */

/* Begin PBXVariantGroup section */
		3EE122CF1C778F480068B4D4 /* Main.storyboard */ = {
			isa = PBXVariantGroup;
			children = (
				3EE122D01C778F480068B4D4 /* Base */,
			);
			name = Main.storyboard;
			sourceTree = "<group>";
		};
		3EE122D41C778F480068B4D4 /* LaunchScreen.xib */ = {
			isa = PBXVariantGroup;
			children = (
				3EE122D51C778F480068B4D4 /* Base */,
			);
			name = LaunchScreen.xib;
			sourceTree = "<group>";
		};
/* End PBXVariantGroup section */

/* Begin XCBuildConfiguration section */
		3EE122E31C778F480068B4D4 /* Debug */ = {
			isa = XCBuildConfiguration;
			buildSettings = {
				ALWAYS_SEARCH_USER_PATHS = NO;
				CLANG_CXX_LANGUAGE_STANDARD = "gnu++0x";
				CLANG_CXX_LIBRARY = "libc++";
				CLANG_ENABLE_MODULES = YES;
				CLANG_ENABLE_OBJC_ARC = YES;
				CLANG_WARN_BOOL_CONVERSION = YES;
				CLANG_WARN_CONSTANT_CONVERSION = YES;
				CLANG_WARN_DIRECT_OBJC_ISA_USAGE = YES_ERROR;
				CLANG_WARN_EMPTY_BODY = YES;
				CLANG_WARN_ENUM_CONVERSION = YES;
				CLANG_WARN_INT_CONVERSION = YES;
				CLANG_WARN_OBJC_ROOT_CLASS = YES_ERROR;
				CLANG_WARN_UNREACHABLE_CODE = YES;
				CLANG_WARN__DUPLICATE_METHOD_MATCH = YES;
				"CODE_SIGN_IDENTITY[sdk=iphoneos*]" = "iPhone Developer";
				COPY_PHASE_STRIP = NO;
				DEBUG_INFORMATION_FORMAT = "dwarf-with-dsym";
				ENABLE_STRICT_OBJC_MSGSEND = YES;
				GCC_C_LANGUAGE_STANDARD = gnu99;
				GCC_DYNAMIC_NO_PIC = NO;
				GCC_NO_COMMON_BLOCKS = YES;
				GCC_OPTIMIZATION_LEVEL = 0;
				GCC_PREPROCESSOR_DEFINITIONS = (
					"DEBUG=1",
					"$(inherited)",
				);
				GCC_SYMBOLS_PRIVATE_EXTERN = NO;
				GCC_WARN_64_TO_32_BIT_CONVERSION = YES;
				GCC_WARN_ABOUT_RETURN_TYPE = YES_ERROR;
				GCC_WARN_UNDECLARED_SELECTOR = YES;
				GCC_WARN_UNINITIALIZED_AUTOS = YES_AGGRESSIVE;
				GCC_WARN_UNUSED_FUNCTION = YES;
				GCC_WARN_UNUSED_VARIABLE = YES;
				IPHONEOS_DEPLOYMENT_TARGET = 8.4;
				MTL_ENABLE_DEBUG_INFO = YES;
				ONLY_ACTIVE_ARCH = YES;
				SDKROOT = iphoneos;
			};
			name = Debug;
		};
		3EE122E41C778F480068B4D4 /* Release */ = {
			isa = XCBuildConfiguration;
			buildSettings = {
				ALWAYS_SEARCH_USER_PATHS = NO;
				CLANG_CXX_LANGUAGE_STANDARD = "gnu++0x";
				CLANG_CXX_LIBRARY = "libc++";
				CLANG_ENABLE_MODULES = YES;
				CLANG_ENABLE_OBJC_ARC = YES;
				CLANG_WARN_BOOL_CONVERSION = YES;
				CLANG_WARN_CONSTANT_CONVERSION = YES;
				CLANG_WARN_DIRECT_OBJC_ISA_USAGE = YES_ERROR;
				CLANG_WARN_EMPTY_BODY = YES;
				CLANG_WARN_ENUM_CONVERSION = YES;
				CLANG_WARN_INT_CONVERSION = YES;
				CLANG_WARN_OBJC_ROOT_CLASS = YES_ERROR;
				CLANG_WARN_UNREACHABLE_CODE = YES;
				CLANG_WARN__DUPLICATE_METHOD_MATCH = YES;
				"CODE_SIGN_IDENTITY[sdk=iphoneos*]" = "iPhone Developer";
				COPY_PHASE_STRIP = NO;
				DEBUG_INFORMATION_FORMAT = "dwarf-with-dsym";
				ENABLE_NS_ASSERTIONS = NO;
				ENABLE_STRICT_OBJC_MSGSEND = YES;
				GCC_C_LANGUAGE_STANDARD = gnu99;
				GCC_NO_COMMON_BLOCKS = YES;
				GCC_WARN_64_TO_32_BIT_CONVERSION = YES;
				GCC_WARN_ABOUT_RETURN_TYPE = YES_ERROR;
				GCC_WARN_UNDECLARED_SELECTOR = YES;
				GCC_WARN_UNINITIALIZED_AUTOS = YES_AGGRESSIVE;
				GCC_WARN_UNUSED_FUNCTION = YES;
				GCC_WARN_UNUSED_VARIABLE = YES;
				IPHONEOS_DEPLOYMENT_TARGET = 8.4;
				MTL_ENABLE_DEBUG_INFO = NO;
				SDKROOT = iphoneos;
				VALIDATE_PRODUCT = YES;
			};
			name = Release;
		};
		3EE122E61C778F480068B4D4 /* Debug */ = {
			isa = XCBuildConfiguration;
			buildSettings = {
				ASSETCATALOG_COMPILER_APPICON_NAME = AppIcon;
				INFOPLIST_FILE = NavigationControllerDemo/Info.plist;
				LD_RUNPATH_SEARCH_PATHS = "$(inherited) @executable_path/Frameworks";
				PRODUCT_NAME = "$(TARGET_NAME)";
			};
			name = Debug;
		};
		3EE122E71C778F480068B4D4 /* Release */ = {
			isa = XCBuildConfiguration;
			buildSettings = {
				ASSETCATALOG_COMPILER_APPICON_NAME = AppIcon;
				INFOPLIST_FILE = NavigationControllerDemo/Info.plist;
				LD_RUNPATH_SEARCH_PATHS = "$(inherited) @executable_path/Frameworks";
				PRODUCT_NAME = "$(TARGET_NAME)";
			};
			name = Release;
		};
		3EE122E91C778F480068B4D4 /* Debug */ = {
			isa = XCBuildConfiguration;
			buildSettings = {
				BUNDLE_LOADER = "$(TEST_HOST)";
				FRAMEWORK_SEARCH_PATHS = (
					"$(SDKROOT)/Developer/Library/Frameworks",
					"$(inherited)",
				);
				GCC_PREPROCESSOR_DEFINITIONS = (
					"DEBUG=1",
					"$(inherited)",
				);
				INFOPLIST_FILE = NavigationControllerDemoTests/Info.plist;
				LD_RUNPATH_SEARCH_PATHS = "$(inherited) @executable_path/Frameworks @loader_path/Frameworks";
				PRODUCT_NAME = "$(TARGET_NAME)";
				TEST_HOST = "$(BUILT_PRODUCTS_DIR)/NavigationControllerDemo.app/NavigationControllerDemo";
			};
			name = Debug;
		};
		3EE122EA1C778F480068B4D4 /* Release */ = {
			isa = XCBuildConfiguration;
			buildSettings = {
				BUNDLE_LOADER = "$(TEST_HOST)";
				FRAMEWORK_SEARCH_PATHS = (
					"$(SDKROOT)/Developer/Library/Frameworks",
					"$(inherited)",
				);
				INFOPLIST_FILE = NavigationControllerDemoTests/Info.plist;
				LD_RUNPATH_SEARCH_PATHS = "$(inherited) @executable_path/Frameworks @loader_path/Frameworks";
				PRODUCT_NAME = "$(TARGET_NAME)";
				TEST_HOST = "$(BUILT_PRODUCTS_DIR)/NavigationControllerDemo.app/NavigationControllerDemo";
			};
			name = Release;
		};
/* End XCBuildConfiguration section */

/* Begin XCConfigurationList section */
		3EE122BD1C778F480068B4D4 /* Build configuration list for PBXProject "NavigationControllerDemo" */ = {
			isa = XCConfigurationList;
			buildConfigurations = (
				3EE122E31C778F480068B4D4 /* Debug */,
				3EE122E41C778F480068B4D4 /* Release */,
			);
			defaultConfigurationIsVisible = 0;
			defaultConfigurationName = Release;
		};
		3EE122E51C778F480068B4D4 /* Build configuration list for PBXNativeTarget "NavigationControllerDemo" */ = {
			isa = XCConfigurationList;
			buildConfigurations = (
				3EE122E61C778F480068B4D4 /* Debug */,
				3EE122E71C778F480068B4D4 /* Release */,
			);
			defaultConfigurationIsVisible = 0;
		};
		3EE122E81C778F480068B4D4 /* Build configuration list for PBXNativeTarget "NavigationControllerDemoTests" */ = {
			isa = XCConfigurationList;
			buildConfigurations = (
				3EE122E91C778F480068B4D4 /* Debug */,
				3EE122EA1C778F480068B4D4 /* Release */,
			);
			defaultConfigurationIsVisible = 0;
		};
/* End XCConfigurationList section */
	};
	rootObject = 3EE122BA1C778F480068B4D4 /* Project object */;
}
