// !$*UTF8*$!
{
	archiveVersion = 1;
	classes = {
	};
	objectVersion = 46;
	objects = {

/* Begin PBXBuildFile section */
		3E34F40B1C81D4C10081D0BE /* BullsEye.html in Resources */ = {isa = PBXBuildFile; fileRef = 3E34F40A1C81D4C10081D0BE /* BullsEye.html */; };
		3E62C27A1C7FD475001BE165 /* SobreViewController.swift in Sources */ = {isa = PBXBuildFile; fileRef = 3E62C2791C7FD475001BE165 /* SobreViewController.swift */; };
		3EDF139C1C7F8EFF00D7C0DE /* AppDelegate.swift in Sources */ = {isa = PBXBuildFile; fileRef = 3EDF139B1C7F8EFF00D7C0DE /* AppDelegate.swift */; };
		3EDF139E1C7F8EFF00D7C0DE /* ViewController.swift in Sources */ = {isa = PBXBuildFile; fileRef = 3EDF139D1C7F8EFF00D7C0DE /* ViewController.swift */; };
		3EDF13A11C7F8EFF00D7C0DE /* Main.storyboard in Resources */ = {isa = PBXBuildFile; fileRef = 3EDF139F1C7F8EFF00D7C0DE /* Main.storyboard */; };
		3EDF13A31C7F8EFF00D7C0DE /* Assets.xcassets in Resources */ = {isa = PBXBuildFile; fileRef = 3EDF13A21C7F8EFF00D7C0DE /* Assets.xcassets */; };
		3EDF13A61C7F8EFF00D7C0DE /* LaunchScreen.storyboard in Resources */ = {isa = PBXBuildFile; fileRef = 3EDF13A41C7F8EFF00D7C0DE /* LaunchScreen.storyboard */; };
/* End PBXBuildFile section */

/* Begin PBXFileReference section */
		3E34F40A1C81D4C10081D0BE /* BullsEye.html */ = {isa = PBXFileReference; fileEncoding = 4; lastKnownFileType = text.html; path = BullsEye.html; sourceTree = "<group>"; };
		3E62C2791C7FD475001BE165 /* SobreViewController.swift */ = {isa = PBXFileReference; fileEncoding = 4; lastKnownFileType = sourcecode.swift; path = SobreViewController.swift; sourceTree = "<group>"; };
		3EDF13981C7F8EFF00D7C0DE /* BullsEye.app */ = {isa = PBXFileReference; explicitFileType = wrapper.application; includeInIndex = 0; path = BullsEye.app; sourceTree = BUILT_PRODUCTS_DIR; };
		3EDF139B1C7F8EFF00D7C0DE /* AppDelegate.swift */ = {isa = PBXFileReference; lastKnownFileType = sourcecode.swift; path = AppDelegate.swift; sourceTree = "<group>"; };
		3EDF139D1C7F8EFF00D7C0DE /* ViewController.swift */ = {isa = PBXFileReference; lastKnownFileType = sourcecode.swift; path = ViewController.swift; sourceTree = "<group>"; };
		3EDF13A01C7F8EFF00D7C0DE /* Base */ = {isa = PBXFileReference; lastKnownFileType = file.storyboard; name = Base; path = Base.lproj/Main.storyboard; sourceTree = "<group>"; };
		3EDF13A21C7F8EFF00D7C0DE /* Assets.xcassets */ = {isa = PBXFileReference; lastKnownFileType = folder.assetcatalog; path = Assets.xcassets; sourceTree = "<group>"; };
		3EDF13A51C7F8EFF00D7C0DE /* Base */ = {isa = PBXFileReference; lastKnownFileType = file.storyboard; name = Base; path = Base.lproj/LaunchScreen.storyboard; sourceTree = "<group>"; };
		3EDF13A71C7F8EFF00D7C0DE /* Info.plist */ = {isa = PBXFileReference; lastKnownFileType = text.plist.xml; path = Info.plist; sourceTree = "<group>"; };
/* End PBXFileReference section */

/* Begin PBXFrameworksBuildPhase section */
		3EDF13951C7F8EFF00D7C0DE /* Frameworks */ = {
			isa = PBXFrameworksBuildPhase;
			buildActionMask = 2147483647;
			files = (
			);
			runOnlyForDeploymentPostprocessing = 0;
		};
/* End PBXFrameworksBuildPhase section */

/* Begin PBXGroup section */
		3EDF138F1C7F8EFF00D7C0DE = {
			isa = PBXGroup;
			children = (
				3EDF139A1C7F8EFF00D7C0DE /* BullsEye */,
				3EDF13991C7F8EFF00D7C0DE /* Products */,
			);
			sourceTree = "<group>";
		};
		3EDF13991C7F8EFF00D7C0DE /* Products */ = {
			isa = PBXGroup;
			children = (
				3EDF13981C7F8EFF00D7C0DE /* BullsEye.app */,
			);
			name = Products;
			sourceTree = "<group>";
		};
		3EDF139A1C7F8EFF00D7C0DE /* BullsEye */ = {
			isa = PBXGroup;
			children = (
				3E34F40A1C81D4C10081D0BE /* BullsEye.html */,
				3EDF139B1C7F8EFF00D7C0DE /* AppDelegate.swift */,
				3EDF139D1C7F8EFF00D7C0DE /* ViewController.swift */,
				3EDF139F1C7F8EFF00D7C0DE /* Main.storyboard */,
				3E62C2791C7FD475001BE165 /* SobreViewController.swift */,
				3EDF13A21C7F8EFF00D7C0DE /* Assets.xcassets */,
				3EDF13A41C7F8EFF00D7C0DE /* LaunchScreen.storyboard */,
				3EDF13A71C7F8EFF00D7C0DE /* Info.plist */,
			);
			path = BullsEye;
			sourceTree = "<group>";
		};
/* End PBXGroup section */

/* Begin PBXNativeTarget section */
		3EDF13971C7F8EFF00D7C0DE /* BullsEye */ = {
			isa = PBXNativeTarget;
			buildConfigurationList = 3EDF13AA1C7F8EFF00D7C0DE /* Build configuration list for PBXNativeTarget "BullsEye" */;
			buildPhases = (
				3EDF13941C7F8EFF00D7C0DE /* Sources */,
				3EDF13951C7F8EFF00D7C0DE /* Frameworks */,
				3EDF13961C7F8EFF00D7C0DE /* Resources */,
			);
			buildRules = (
			);
			dependencies = (
			);
			name = BullsEye;
			productName = BullsEye;
			productReference = 3EDF13981C7F8EFF00D7C0DE /* BullsEye.app */;
			productType = "com.apple.product-type.application";
		};
/* End PBXNativeTarget section */

/* Begin PBXProject section */
		3EDF13901C7F8EFF00D7C0DE /* Project object */ = {
			isa = PBXProject;
			attributes = {
				LastSwiftUpdateCheck = 0720;
				LastUpgradeCheck = 0720;
				ORGANIZATIONNAME = "Anderson Uchôa";
				TargetAttributes = {
					3EDF13971C7F8EFF00D7C0DE = {
						CreatedOnToolsVersion = 7.2.1;
					};
				};
			};
			buildConfigurationList = 3EDF13931C7F8EFF00D7C0DE /* Build configuration list for PBXProject "BullsEye" */;
			compatibilityVersion = "Xcode 3.2";
			developmentRegion = English;
			hasScannedForEncodings = 0;
			knownRegions = (
				en,
				Base,
			);
			mainGroup = 3EDF138F1C7F8EFF00D7C0DE;
			productRefGroup = 3EDF13991C7F8EFF00D7C0DE /* Products */;
			projectDirPath = "";
			projectRoot = "";
			targets = (
				3EDF13971C7F8EFF00D7C0DE /* BullsEye */,
			);
		};
/* End PBXProject section */

/* Begin PBXResourcesBuildPhase section */
		3EDF13961C7F8EFF00D7C0DE /* Resources */ = {
			isa = PBXResourcesBuildPhase;
			buildActionMask = 2147483647;
			files = (
				3EDF13A61C7F8EFF00D7C0DE /* LaunchScreen.storyboard in Resources */,
				3E34F40B1C81D4C10081D0BE /* BullsEye.html in Resources */,
				3EDF13A31C7F8EFF00D7C0DE /* Assets.xcassets in Resources */,
				3EDF13A11C7F8EFF00D7C0DE /* Main.storyboard in Resources */,
			);
			runOnlyForDeploymentPostprocessing = 0;
		};
/* End PBXResourcesBuildPhase section */

/* Begin PBXSourcesBuildPhase section */
		3EDF13941C7F8EFF00D7C0DE /* Sources */ = {
			isa = PBXSourcesBuildPhase;
			buildActionMask = 2147483647;
			files = (
				3E62C27A1C7FD475001BE165 /* SobreViewController.swift in Sources */,
				3EDF139E1C7F8EFF00D7C0DE /* ViewController.swift in Sources */,
				3EDF139C1C7F8EFF00D7C0DE /* AppDelegate.swift in Sources */,
			);
			runOnlyForDeploymentPostprocessing = 0;
		};
/* End PBXSourcesBuildPhase section */

/* Begin PBXVariantGroup section */
		3EDF139F1C7F8EFF00D7C0DE /* Main.storyboard */ = {
			isa = PBXVariantGroup;
			children = (
				3EDF13A01C7F8EFF00D7C0DE /* Base */,
			);
			name = Main.storyboard;
			sourceTree = "<group>";
		};
		3EDF13A41C7F8EFF00D7C0DE /* LaunchScreen.storyboard */ = {
			isa = PBXVariantGroup;
			children = (
				3EDF13A51C7F8EFF00D7C0DE /* Base */,
			);
			name = LaunchScreen.storyboard;
			sourceTree = "<group>";
		};
/* End PBXVariantGroup section */

/* Begin XCBuildConfiguration section */
		3EDF13A81C7F8EFF00D7C0DE /* Debug */ = {
			isa = XCBuildConfiguration;
			buildSettings = {
				ALWAYS_SEARCH_USER_PATHS = NO;
				CLANG_CXX_LANGUAGE_STANDARD = "gnu++0x";
				CLANG_CXX_LIBRARY = "libc++";
				CLANG_ENABLE_MODULES = YES;
				CLANG_ENABLE_OBJC_ARC = YES;
				CLANG_WARN_BOOL_CONVERSION = YES;
				CLANG_WARN_CONSTANT_CONVERSION = YES;
				CLANG_WARN_DIRECT_OBJC_ISA_USAGE = YES_ERROR;
				CLANG_WARN_EMPTY_BODY = YES;
				CLANG_WARN_ENUM_CONVERSION = YES;
				CLANG_WARN_INT_CONVERSION = YES;
				CLANG_WARN_OBJC_ROOT_CLASS = YES_ERROR;
				CLANG_WARN_UNREACHABLE_CODE = YES;
				CLANG_WARN__DUPLICATE_METHOD_MATCH = YES;
				"CODE_SIGN_IDENTITY[sdk=iphoneos*]" = "iPhone Developer";
				COPY_PHASE_STRIP = NO;
				DEBUG_INFORMATION_FORMAT = dwarf;
				ENABLE_STRICT_OBJC_MSGSEND = YES;
				ENABLE_TESTABILITY = YES;
				GCC_C_LANGUAGE_STANDARD = gnu99;
				GCC_DYNAMIC_NO_PIC = NO;
				GCC_NO_COMMON_BLOCKS = YES;
				GCC_OPTIMIZATION_LEVEL = 0;
				GCC_PREPROCESSOR_DEFINITIONS = (
					"DEBUG=1",
					"$(inherited)",
				);
				GCC_WARN_64_TO_32_BIT_CONVERSION = YES;
				GCC_WARN_ABOUT_RETURN_TYPE = YES_ERROR;
				GCC_WARN_UNDECLARED_SELECTOR = YES;
				GCC_WARN_UNINITIALIZED_AUTOS = YES_AGGRESSIVE;
				GCC_WARN_UNUSED_FUNCTION = YES;
				GCC_WARN_UNUSED_VARIABLE = YES;
				IPHONEOS_DEPLOYMENT_TARGET = 9.2;
				MTL_ENABLE_DEBUG_INFO = YES;
				ONLY_ACTIVE_ARCH = YES;
				SDKROOT = iphoneos;
				SWIFT_OPTIMIZATION_LEVEL = "-Onone";
			};
			name = Debug;
		};
		3EDF13A91C7F8EFF00D7C0DE /* Release */ = {
			isa = XCBuildConfiguration;
			buildSettings = {
				ALWAYS_SEARCH_USER_PATHS = NO;
				CLANG_CXX_LANGUAGE_STANDARD = "gnu++0x";
				CLANG_CXX_LIBRARY = "libc++";
				CLANG_ENABLE_MODULES = YES;
				CLANG_ENABLE_OBJC_ARC = YES;
				CLANG_WARN_BOOL_CONVERSION = YES;
				CLANG_WARN_CONSTANT_CONVERSION = YES;
				CLANG_WARN_DIRECT_OBJC_ISA_USAGE = YES_ERROR;
				CLANG_WARN_EMPTY_BODY = YES;
				CLANG_WARN_ENUM_CONVERSION = YES;
				CLANG_WARN_INT_CONVERSION = YES;
				CLANG_WARN_OBJC_ROOT_CLASS = YES_ERROR;
				CLANG_WARN_UNREACHABLE_CODE = YES;
				CLANG_WARN__DUPLICATE_METHOD_MATCH = YES;
				"CODE_SIGN_IDENTITY[sdk=iphoneos*]" = "iPhone Developer";
				COPY_PHASE_STRIP = NO;
				DEBUG_INFORMATION_FORMAT = "dwarf-with-dsym";
				ENABLE_NS_ASSERTIONS = NO;
				ENABLE_STRICT_OBJC_MSGSEND = YES;
				GCC_C_LANGUAGE_STANDARD = gnu99;
				GCC_NO_COMMON_BLOCKS = YES;
				GCC_WARN_64_TO_32_BIT_CONVERSION = YES;
				GCC_WARN_ABOUT_RETURN_TYPE = YES_ERROR;
				GCC_WARN_UNDECLARED_SELECTOR = YES;
				GCC_WARN_UNINITIALIZED_AUTOS = YES_AGGRESSIVE;
				GCC_WARN_UNUSED_FUNCTION = YES;
				GCC_WARN_UNUSED_VARIABLE = YES;
				IPHONEOS_DEPLOYMENT_TARGET = 9.2;
				MTL_ENABLE_DEBUG_INFO = NO;
				SDKROOT = iphoneos;
				VALIDATE_PRODUCT = YES;
			};
			name = Release;
		};
		3EDF13AB1C7F8EFF00D7C0DE /* Debug */ = {
			isa = XCBuildConfiguration;
			buildSettings = {
				ASSETCATALOG_COMPILER_APPICON_NAME = AppIcon;
				INFOPLIST_FILE = BullsEye/Info.plist;
				LD_RUNPATH_SEARCH_PATHS = "$(inherited) @executable_path/Frameworks";
				PRODUCT_BUNDLE_IDENTIFIER = br.anderson.BullsEye;
				PRODUCT_NAME = "$(TARGET_NAME)";
			};
			name = Debug;
		};
		3EDF13AC1C7F8EFF00D7C0DE /* Release */ = {
			isa = XCBuildConfiguration;
			buildSettings = {
				ASSETCATALOG_COMPILER_APPICON_NAME = AppIcon;
				INFOPLIST_FILE = BullsEye/Info.plist;
				LD_RUNPATH_SEARCH_PATHS = "$(inherited) @executable_path/Frameworks";
				PRODUCT_BUNDLE_IDENTIFIER = br.anderson.BullsEye;
				PRODUCT_NAME = "$(TARGET_NAME)";
			};
			name = Release;
		};
/* End XCBuildConfiguration section */

/* Begin XCConfigurationList section */
		3EDF13931C7F8EFF00D7C0DE /* Build configuration list for PBXProject "BullsEye" */ = {
			isa = XCConfigurationList;
			buildConfigurations = (
				3EDF13A81C7F8EFF00D7C0DE /* Debug */,
				3EDF13A91C7F8EFF00D7C0DE /* Release */,
			);
			defaultConfigurationIsVisible = 0;
			defaultConfigurationName = Release;
		};
		3EDF13AA1C7F8EFF00D7C0DE /* Build configuration list for PBXNativeTarget "BullsEye" */ = {
			isa = XCConfigurationList;
			buildConfigurations = (
				3EDF13AB1C7F8EFF00D7C0DE /* Debug */,
				3EDF13AC1C7F8EFF00D7C0DE /* Release */,
			);
			defaultConfigurationIsVisible = 0;
			defaultConfigurationName = Release;
		};
/* End XCConfigurationList section */
	};
	rootObject = 3EDF13901C7F8EFF00D7C0DE /* Project object */;
}
