// !$*UTF8*$!
{
	archiveVersion = 1;
	classes = {
	};
	objectVersion = 46;
	objects = {

/* Begin PBXBuildFile section */
		3EE1234B1C77DC990068B4D4 /* main.m in Sources */ = {isa = PBXBuildFile; fileRef = 3EE1234A1C77DC990068B4D4 /* main.m */; };
		3EE1234E1C77DC990068B4D4 /* AppDelegate.m in Sources */ = {isa = PBXBuildFile; fileRef = 3EE1234D1C77DC990068B4D4 /* AppDelegate.m */; };
		3EE123511C77DC990068B4D4 /* ViewController.m in Sources */ = {isa = PBXBuildFile; fileRef = 3EE123501C77DC990068B4D4 /* ViewController.m */; };
		3EE123541C77DC990068B4D4 /* Main.storyboard in Resources */ = {isa = PBXBuildFile; fileRef = 3EE123521C77DC990068B4D4 /* Main.storyboard */; };
		3EE123561C77DC990068B4D4 /* Images.xcassets in Resources */ = {isa = PBXBuildFile; fileRef = 3EE123551C77DC990068B4D4 /* Images.xcassets */; };
		3EE123591C77DC990068B4D4 /* LaunchScreen.xib in Resources */ = {isa = PBXBuildFile; fileRef = 3EE123571C77DC990068B4D4 /* LaunchScreen.xib */; };
		3EE123651C77DC990068B4D4 /* ExemploDownloadTests.m in Sources */ = {isa = PBXBuildFile; fileRef = 3EE123641C77DC990068B4D4 /* ExemploDownloadTests.m */; };
		3EE123E61C77ECF40068B4D4 /* AFHTTPRequestOperation.m in Sources */ = {isa = PBXBuildFile; fileRef = 3EE123D41C77ECF40068B4D4 /* AFHTTPRequestOperation.m */; };
		3EE123E71C77ECF40068B4D4 /* AFHTTPRequestOperationManager.m in Sources */ = {isa = PBXBuildFile; fileRef = 3EE123D61C77ECF40068B4D4 /* AFHTTPRequestOperationManager.m */; };
		3EE123E81C77ECF40068B4D4 /* AFHTTPSessionManager.m in Sources */ = {isa = PBXBuildFile; fileRef = 3EE123D81C77ECF40068B4D4 /* AFHTTPSessionManager.m */; };
		3EE123E91C77ECF40068B4D4 /* AFNetworkReachabilityManager.m in Sources */ = {isa = PBXBuildFile; fileRef = 3EE123DB1C77ECF40068B4D4 /* AFNetworkReachabilityManager.m */; };
		3EE123EA1C77ECF40068B4D4 /* AFSecurityPolicy.m in Sources */ = {isa = PBXBuildFile; fileRef = 3EE123DD1C77ECF40068B4D4 /* AFSecurityPolicy.m */; };
		3EE123EB1C77ECF40068B4D4 /* AFURLConnectionOperation.m in Sources */ = {isa = PBXBuildFile; fileRef = 3EE123DF1C77ECF40068B4D4 /* AFURLConnectionOperation.m */; };
		3EE123EC1C77ECF40068B4D4 /* AFURLRequestSerialization.m in Sources */ = {isa = PBXBuildFile; fileRef = 3EE123E11C77ECF40068B4D4 /* AFURLRequestSerialization.m */; };
		3EE123ED1C77ECF40068B4D4 /* AFURLResponseSerialization.m in Sources */ = {isa = PBXBuildFile; fileRef = 3EE123E31C77ECF40068B4D4 /* AFURLResponseSerialization.m */; };
		3EE123EE1C77ECF40068B4D4 /* AFURLSessionManager.m in Sources */ = {isa = PBXBuildFile; fileRef = 3EE123E51C77ECF40068B4D4 /* AFURLSessionManager.m */; };
/* End PBXBuildFile section */

/* Begin PBXContainerItemProxy section */
		3EE1235F1C77DC990068B4D4 /* PBXContainerItemProxy */ = {
			isa = PBXContainerItemProxy;
			containerPortal = 3EE1233D1C77DC990068B4D4 /* Project object */;
			proxyType = 1;
			remoteGlobalIDString = 3EE123441C77DC990068B4D4;
			remoteInfo = ExemploDownload;
		};
/* End PBXContainerItemProxy section */

/* Begin PBXFileReference section */
		3EE123451C77DC990068B4D4 /* ExemploDownload.app */ = {isa = PBXFileReference; explicitFileType = wrapper.application; includeInIndex = 0; path = ExemploDownload.app; sourceTree = BUILT_PRODUCTS_DIR; };
		3EE123491C77DC990068B4D4 /* Info.plist */ = {isa = PBXFileReference; lastKnownFileType = text.plist.xml; path = Info.plist; sourceTree = "<group>"; };
		3EE1234A1C77DC990068B4D4 /* main.m */ = {isa = PBXFileReference; lastKnownFileType = sourcecode.c.objc; path = main.m; sourceTree = "<group>"; };
		3EE1234C1C77DC990068B4D4 /* AppDelegate.h */ = {isa = PBXFileReference; lastKnownFileType = sourcecode.c.h; path = AppDelegate.h; sourceTree = "<group>"; };
		3EE1234D1C77DC990068B4D4 /* AppDelegate.m */ = {isa = PBXFileReference; lastKnownFileType = sourcecode.c.objc; path = AppDelegate.m; sourceTree = "<group>"; };
		3EE1234F1C77DC990068B4D4 /* ViewController.h */ = {isa = PBXFileReference; lastKnownFileType = sourcecode.c.h; path = ViewController.h; sourceTree = "<group>"; };
		3EE123501C77DC990068B4D4 /* ViewController.m */ = {isa = PBXFileReference; lastKnownFileType = sourcecode.c.objc; path = ViewController.m; sourceTree = "<group>"; };
		3EE123531C77DC990068B4D4 /* Base */ = {isa = PBXFileReference; lastKnownFileType = file.storyboard; name = Base; path = Base.lproj/Main.storyboard; sourceTree = "<group>"; };
		3EE123551C77DC990068B4D4 /* Images.xcassets */ = {isa = PBXFileReference; lastKnownFileType = folder.assetcatalog; path = Images.xcassets; sourceTree = "<group>"; };
		3EE123581C77DC990068B4D4 /* Base */ = {isa = PBXFileReference; lastKnownFileType = file.xib; name = Base; path = Base.lproj/LaunchScreen.xib; sourceTree = "<group>"; };
		3EE1235E1C77DC990068B4D4 /* ExemploDownloadTests.xctest */ = {isa = PBXFileReference; explicitFileType = wrapper.cfbundle; includeInIndex = 0; path = ExemploDownloadTests.xctest; sourceTree = BUILT_PRODUCTS_DIR; };
		3EE123631C77DC990068B4D4 /* Info.plist */ = {isa = PBXFileReference; lastKnownFileType = text.plist.xml; path = Info.plist; sourceTree = "<group>"; };
		3EE123641C77DC990068B4D4 /* ExemploDownloadTests.m */ = {isa = PBXFileReference; lastKnownFileType = sourcecode.c.objc; path = ExemploDownloadTests.m; sourceTree = "<group>"; };
		3EE123D31C77ECF40068B4D4 /* AFHTTPRequestOperation.h */ = {isa = PBXFileReference; fileEncoding = 4; lastKnownFileType = sourcecode.c.h; path = AFHTTPRequestOperation.h; sourceTree = "<group>"; };
		3EE123D41C77ECF40068B4D4 /* AFHTTPRequestOperation.m */ = {isa = PBXFileReference; fileEncoding = 4; lastKnownFileType = sourcecode.c.objc; path = AFHTTPRequestOperation.m; sourceTree = "<group>"; };
		3EE123D51C77ECF40068B4D4 /* AFHTTPRequestOperationManager.h */ = {isa = PBXFileReference; fileEncoding = 4; lastKnownFileType = sourcecode.c.h; path = AFHTTPRequestOperationManager.h; sourceTree = "<group>"; };
		3EE123D61C77ECF40068B4D4 /* AFHTTPRequestOperationManager.m */ = {isa = PBXFileReference; fileEncoding = 4; lastKnownFileType = sourcecode.c.objc; path = AFHTTPRequestOperationManager.m; sourceTree = "<group>"; };
		3EE123D71C77ECF40068B4D4 /* AFHTTPSessionManager.h */ = {isa = PBXFileReference; fileEncoding = 4; lastKnownFileType = sourcecode.c.h; path = AFHTTPSessionManager.h; sourceTree = "<group>"; };
		3EE123D81C77ECF40068B4D4 /* AFHTTPSessionManager.m */ = {isa = PBXFileReference; fileEncoding = 4; lastKnownFileType = sourcecode.c.objc; path = AFHTTPSessionManager.m; sourceTree = "<group>"; };
		3EE123D91C77ECF40068B4D4 /* AFNetworking.h */ = {isa = PBXFileReference; fileEncoding = 4; lastKnownFileType = sourcecode.c.h; path = AFNetworking.h; sourceTree = "<group>"; };
		3EE123DA1C77ECF40068B4D4 /* AFNetworkReachabilityManager.h */ = {isa = PBXFileReference; fileEncoding = 4; lastKnownFileType = sourcecode.c.h; path = AFNetworkReachabilityManager.h; sourceTree = "<group>"; };
		3EE123DB1C77ECF40068B4D4 /* AFNetworkReachabilityManager.m */ = {isa = PBXFileReference; fileEncoding = 4; lastKnownFileType = sourcecode.c.objc; path = AFNetworkReachabilityManager.m; sourceTree = "<group>"; };
		3EE123DC1C77ECF40068B4D4 /* AFSecurityPolicy.h */ = {isa = PBXFileReference; fileEncoding = 4; lastKnownFileType = sourcecode.c.h; path = AFSecurityPolicy.h; sourceTree = "<group>"; };
		3EE123DD1C77ECF40068B4D4 /* AFSecurityPolicy.m */ = {isa = PBXFileReference; fileEncoding = 4; lastKnownFileType = sourcecode.c.objc; path = AFSecurityPolicy.m; sourceTree = "<group>"; };
		3EE123DE1C77ECF40068B4D4 /* AFURLConnectionOperation.h */ = {isa = PBXFileReference; fileEncoding = 4; lastKnownFileType = sourcecode.c.h; path = AFURLConnectionOperation.h; sourceTree = "<group>"; };
		3EE123DF1C77ECF40068B4D4 /* AFURLConnectionOperation.m */ = {isa = PBXFileReference; fileEncoding = 4; lastKnownFileType = sourcecode.c.objc; path = AFURLConnectionOperation.m; sourceTree = "<group>"; };
		3EE123E01C77ECF40068B4D4 /* AFURLRequestSerialization.h */ = {isa = PBXFileReference; fileEncoding = 4; lastKnownFileType = sourcecode.c.h; path = AFURLRequestSerialization.h; sourceTree = "<group>"; };
		3EE123E11C77ECF40068B4D4 /* AFURLRequestSerialization.m */ = {isa = PBXFileReference; fileEncoding = 4; lastKnownFileType = sourcecode.c.objc; path = AFURLRequestSerialization.m; sourceTree = "<group>"; };
		3EE123E21C77ECF40068B4D4 /* AFURLResponseSerialization.h */ = {isa = PBXFileReference; fileEncoding = 4; lastKnownFileType = sourcecode.c.h; path = AFURLResponseSerialization.h; sourceTree = "<group>"; };
		3EE123E31C77ECF40068B4D4 /* AFURLResponseSerialization.m */ = {isa = PBXFileReference; fileEncoding = 4; lastKnownFileType = sourcecode.c.objc; path = AFURLResponseSerialization.m; sourceTree = "<group>"; };
		3EE123E41C77ECF40068B4D4 /* AFURLSessionManager.h */ = {isa = PBXFileReference; fileEncoding = 4; lastKnownFileType = sourcecode.c.h; path = AFURLSessionManager.h; sourceTree = "<group>"; };
		3EE123E51C77ECF40068B4D4 /* AFURLSessionManager.m */ = {isa = PBXFileReference; fileEncoding = 4; lastKnownFileType = sourcecode.c.objc; path = AFURLSessionManager.m; sourceTree = "<group>"; };
/* End PBXFileReference section */

/* Begin PBXFrameworksBuildPhase section */
		3EE123421C77DC990068B4D4 /* Frameworks */ = {
			isa = PBXFrameworksBuildPhase;
			buildActionMask = 2147483647;
			files = (
			);
			runOnlyForDeploymentPostprocessing = 0;
		};
		3EE1235B1C77DC990068B4D4 /* Frameworks */ = {
			isa = PBXFrameworksBuildPhase;
			buildActionMask = 2147483647;
			files = (
			);
			runOnlyForDeploymentPostprocessing = 0;
		};
/* End PBXFrameworksBuildPhase section */

/* Begin PBXGroup section */
		3EE1233C1C77DC990068B4D4 = {
			isa = PBXGroup;
			children = (
				3EE123D21C77ECF40068B4D4 /* AFNetworking */,
				3EE123471C77DC990068B4D4 /* ExemploDownload */,
				3EE123611C77DC990068B4D4 /* ExemploDownloadTests */,
				3EE123461C77DC990068B4D4 /* Products */,
			);
			sourceTree = "<group>";
		};
		3EE123461C77DC990068B4D4 /* Products */ = {
			isa = PBXGroup;
			children = (
				3EE123451C77DC990068B4D4 /* ExemploDownload.app */,
				3EE1235E1C77DC990068B4D4 /* ExemploDownloadTests.xctest */,
			);
			name = Products;
			sourceTree = "<group>";
		};
		3EE123471C77DC990068B4D4 /* ExemploDownload */ = {
			isa = PBXGroup;
			children = (
				3EE1234C1C77DC990068B4D4 /* AppDelegate.h */,
				3EE1234D1C77DC990068B4D4 /* AppDelegate.m */,
				3EE1234F1C77DC990068B4D4 /* ViewController.h */,
				3EE123501C77DC990068B4D4 /* ViewController.m */,
				3EE123521C77DC990068B4D4 /* Main.storyboard */,
				3EE123551C77DC990068B4D4 /* Images.xcassets */,
				3EE123571C77DC990068B4D4 /* LaunchScreen.xib */,
				3EE123481C77DC990068B4D4 /* Supporting Files */,
			);
			path = ExemploDownload;
			sourceTree = "<group>";
		};
		3EE123481C77DC990068B4D4 /* Supporting Files */ = {
			isa = PBXGroup;
			children = (
				3EE123491C77DC990068B4D4 /* Info.plist */,
				3EE1234A1C77DC990068B4D4 /* main.m */,
			);
			name = "Supporting Files";
			sourceTree = "<group>";
		};
		3EE123611C77DC990068B4D4 /* ExemploDownloadTests */ = {
			isa = PBXGroup;
			children = (
				3EE123641C77DC990068B4D4 /* ExemploDownloadTests.m */,
				3EE123621C77DC990068B4D4 /* Supporting Files */,
			);
			path = ExemploDownloadTests;
			sourceTree = "<group>";
		};
		3EE123621C77DC990068B4D4 /* Supporting Files */ = {
			isa = PBXGroup;
			children = (
				3EE123631C77DC990068B4D4 /* Info.plist */,
			);
			name = "Supporting Files";
			sourceTree = "<group>";
		};
		3EE123D21C77ECF40068B4D4 /* AFNetworking */ = {
			isa = PBXGroup;
			children = (
				3EE123D31C77ECF40068B4D4 /* AFHTTPRequestOperation.h */,
				3EE123D41C77ECF40068B4D4 /* AFHTTPRequestOperation.m */,
				3EE123D51C77ECF40068B4D4 /* AFHTTPRequestOperationManager.h */,
				3EE123D61C77ECF40068B4D4 /* AFHTTPRequestOperationManager.m */,
				3EE123D71C77ECF40068B4D4 /* AFHTTPSessionManager.h */,
				3EE123D81C77ECF40068B4D4 /* AFHTTPSessionManager.m */,
				3EE123D91C77ECF40068B4D4 /* AFNetworking.h */,
				3EE123DA1C77ECF40068B4D4 /* AFNetworkReachabilityManager.h */,
				3EE123DB1C77ECF40068B4D4 /* AFNetworkReachabilityManager.m */,
				3EE123DC1C77ECF40068B4D4 /* AFSecurityPolicy.h */,
				3EE123DD1C77ECF40068B4D4 /* AFSecurityPolicy.m */,
				3EE123DE1C77ECF40068B4D4 /* AFURLConnectionOperation.h */,
				3EE123DF1C77ECF40068B4D4 /* AFURLConnectionOperation.m */,
				3EE123E01C77ECF40068B4D4 /* AFURLRequestSerialization.h */,
				3EE123E11C77ECF40068B4D4 /* AFURLRequestSerialization.m */,
				3EE123E21C77ECF40068B4D4 /* AFURLResponseSerialization.h */,
				3EE123E31C77ECF40068B4D4 /* AFURLResponseSerialization.m */,
				3EE123E41C77ECF40068B4D4 /* AFURLSessionManager.h */,
				3EE123E51C77ECF40068B4D4 /* AFURLSessionManager.m */,
			);
			name = AFNetworking;
			path = ExemploDownload/AFNetworking;
			sourceTree = "<group>";
		};
/* End PBXGroup section */

/* Begin PBXNativeTarget section */
		3EE123441C77DC990068B4D4 /* ExemploDownload */ = {
			isa = PBXNativeTarget;
			buildConfigurationList = 3EE123681C77DC990068B4D4 /* Build configuration list for PBXNativeTarget "ExemploDownload" */;
			buildPhases = (
				3EE123411C77DC990068B4D4 /* Sources */,
				3EE123421C77DC990068B4D4 /* Frameworks */,
				3EE123431C77DC990068B4D4 /* Resources */,
			);
			buildRules = (
			);
			dependencies = (
			);
			name = ExemploDownload;
			productName = ExemploDownload;
			productReference = 3EE123451C77DC990068B4D4 /* ExemploDownload.app */;
			productType = "com.apple.product-type.application";
		};
		3EE1235D1C77DC990068B4D4 /* ExemploDownloadTests */ = {
			isa = PBXNativeTarget;
			buildConfigurationList = 3EE1236B1C77DC990068B4D4 /* Build configuration list for PBXNativeTarget "ExemploDownloadTests" */;
			buildPhases = (
				3EE1235A1C77DC990068B4D4 /* Sources */,
				3EE1235B1C77DC990068B4D4 /* Frameworks */,
				3EE1235C1C77DC990068B4D4 /* Resources */,
			);
			buildRules = (
			);
			dependencies = (
				3EE123601C77DC990068B4D4 /* PBXTargetDependency */,
			);
			name = ExemploDownloadTests;
			productName = ExemploDownloadTests;
			productReference = 3EE1235E1C77DC990068B4D4 /* ExemploDownloadTests.xctest */;
			productType = "com.apple.product-type.bundle.unit-test";
		};
/* End PBXNativeTarget section */

/* Begin PBXProject section */
		3EE1233D1C77DC990068B4D4 /* Project object */ = {
			isa = PBXProject;
			attributes = {
				LastUpgradeCheck = 0640;
				ORGANIZATIONNAME = "Anderson Uchôa";
				TargetAttributes = {
					3EE123441C77DC990068B4D4 = {
						CreatedOnToolsVersion = 6.4;
					};
					3EE1235D1C77DC990068B4D4 = {
						CreatedOnToolsVersion = 6.4;
						TestTargetID = 3EE123441C77DC990068B4D4;
					};
				};
			};
			buildConfigurationList = 3EE123401C77DC990068B4D4 /* Build configuration list for PBXProject "ExemploDownload" */;
			compatibilityVersion = "Xcode 3.2";
			developmentRegion = English;
			hasScannedForEncodings = 0;
			knownRegions = (
				en,
				Base,
			);
			mainGroup = 3EE1233C1C77DC990068B4D4;
			productRefGroup = 3EE123461C77DC990068B4D4 /* Products */;
			projectDirPath = "";
			projectRoot = "";
			targets = (
				3EE123441C77DC990068B4D4 /* ExemploDownload */,
				3EE1235D1C77DC990068B4D4 /* ExemploDownloadTests */,
			);
		};
/* End PBXProject section */

/* Begin PBXResourcesBuildPhase section */
		3EE123431C77DC990068B4D4 /* Resources */ = {
			isa = PBXResourcesBuildPhase;
			buildActionMask = 2147483647;
			files = (
				3EE123541C77DC990068B4D4 /* Main.storyboard in Resources */,
				3EE123591C77DC990068B4D4 /* LaunchScreen.xib in Resources */,
				3EE123561C77DC990068B4D4 /* Images.xcassets in Resources */,
			);
			runOnlyForDeploymentPostprocessing = 0;
		};
		3EE1235C1C77DC990068B4D4 /* Resources */ = {
			isa = PBXResourcesBuildPhase;
			buildActionMask = 2147483647;
			files = (
			);
			runOnlyForDeploymentPostprocessing = 0;
		};
/* End PBXResourcesBuildPhase section */

/* Begin PBXSourcesBuildPhase section */
		3EE123411C77DC990068B4D4 /* Sources */ = {
			isa = PBXSourcesBuildPhase;
			buildActionMask = 2147483647;
			files = (
				3EE123E61C77ECF40068B4D4 /* AFHTTPRequestOperation.m in Sources */,
				3EE123511C77DC990068B4D4 /* ViewController.m in Sources */,
				3EE123E71C77ECF40068B4D4 /* AFHTTPRequestOperationManager.m in Sources */,
				3EE123E91C77ECF40068B4D4 /* AFNetworkReachabilityManager.m in Sources */,
				3EE123ED1C77ECF40068B4D4 /* AFURLResponseSerialization.m in Sources */,
				3EE123EB1C77ECF40068B4D4 /* AFURLConnectionOperation.m in Sources */,
				3EE123EA1C77ECF40068B4D4 /* AFSecurityPolicy.m in Sources */,
				3EE123E81C77ECF40068B4D4 /* AFHTTPSessionManager.m in Sources */,
				3EE123EC1C77ECF40068B4D4 /* AFURLRequestSerialization.m in Sources */,
				3EE123EE1C77ECF40068B4D4 /* AFURLSessionManager.m in Sources */,
				3EE1234E1C77DC990068B4D4 /* AppDelegate.m in Sources */,
				3EE1234B1C77DC990068B4D4 /* main.m in Sources */,
			);
			runOnlyForDeploymentPostprocessing = 0;
		};
		3EE1235A1C77DC990068B4D4 /* Sources */ = {
			isa = PBXSourcesBuildPhase;
			buildActionMask = 2147483647;
			files = (
				3EE123651C77DC990068B4D4 /* ExemploDownloadTests.m in Sources */,
			);
			runOnlyForDeploymentPostprocessing = 0;
		};
/* End PBXSourcesBuildPhase section */

/* Begin PBXTargetDependency section */
		3EE123601C77DC990068B4D4 /* PBXTargetDependency */ = {
			isa = PBXTargetDependency;
			target = 3EE123441C77DC990068B4D4 /* ExemploDownload */;
			targetProxy = 3EE1235F1C77DC990068B4D4 /* PBXContainerItemProxy */;
		};
/* End PBXTargetDependency section */

/* Begin PBXVariantGroup section */
		3EE123521C77DC990068B4D4 /* Main.storyboard */ = {
			isa = PBXVariantGroup;
			children = (
				3EE123531C77DC990068B4D4 /* Base */,
			);
			name = Main.storyboard;
			sourceTree = "<group>";
		};
		3EE123571C77DC990068B4D4 /* LaunchScreen.xib */ = {
			isa = PBXVariantGroup;
			children = (
				3EE123581C77DC990068B4D4 /* Base */,
			);
			name = LaunchScreen.xib;
			sourceTree = "<group>";
		};
/* End PBXVariantGroup section */

/* Begin XCBuildConfiguration section */
		3EE123661C77DC990068B4D4 /* Debug */ = {
			isa = XCBuildConfiguration;
			buildSettings = {
				ALWAYS_SEARCH_USER_PATHS = NO;
				CLANG_CXX_LANGUAGE_STANDARD = "gnu++0x";
				CLANG_CXX_LIBRARY = "libc++";
				CLANG_ENABLE_MODULES = YES;
				CLANG_ENABLE_OBJC_ARC = YES;
				CLANG_WARN_BOOL_CONVERSION = YES;
				CLANG_WARN_CONSTANT_CONVERSION = YES;
				CLANG_WARN_DIRECT_OBJC_ISA_USAGE = YES_ERROR;
				CLANG_WARN_EMPTY_BODY = YES;
				CLANG_WARN_ENUM_CONVERSION = YES;
				CLANG_WARN_INT_CONVERSION = YES;
				CLANG_WARN_OBJC_ROOT_CLASS = YES_ERROR;
				CLANG_WARN_UNREACHABLE_CODE = YES;
				CLANG_WARN__DUPLICATE_METHOD_MATCH = YES;
				"CODE_SIGN_IDENTITY[sdk=iphoneos*]" = "iPhone Developer";
				COPY_PHASE_STRIP = NO;
				DEBUG_INFORMATION_FORMAT = "dwarf-with-dsym";
				ENABLE_STRICT_OBJC_MSGSEND = YES;
				GCC_C_LANGUAGE_STANDARD = gnu99;
				GCC_DYNAMIC_NO_PIC = NO;
				GCC_NO_COMMON_BLOCKS = YES;
				GCC_OPTIMIZATION_LEVEL = 0;
				GCC_PREPROCESSOR_DEFINITIONS = (
					"DEBUG=1",
					"$(inherited)",
				);
				GCC_SYMBOLS_PRIVATE_EXTERN = NO;
				GCC_WARN_64_TO_32_BIT_CONVERSION = YES;
				GCC_WARN_ABOUT_RETURN_TYPE = YES_ERROR;
				GCC_WARN_UNDECLARED_SELECTOR = YES;
				GCC_WARN_UNINITIALIZED_AUTOS = YES_AGGRESSIVE;
				GCC_WARN_UNUSED_FUNCTION = YES;
				GCC_WARN_UNUSED_VARIABLE = YES;
				IPHONEOS_DEPLOYMENT_TARGET = 8.4;
				MTL_ENABLE_DEBUG_INFO = YES;
				ONLY_ACTIVE_ARCH = YES;
				SDKROOT = iphoneos;
			};
			name = Debug;
		};
		3EE123671C77DC990068B4D4 /* Release */ = {
			isa = XCBuildConfiguration;
			buildSettings = {
				ALWAYS_SEARCH_USER_PATHS = NO;
				CLANG_CXX_LANGUAGE_STANDARD = "gnu++0x";
				CLANG_CXX_LIBRARY = "libc++";
				CLANG_ENABLE_MODULES = YES;
				CLANG_ENABLE_OBJC_ARC = YES;
				CLANG_WARN_BOOL_CONVERSION = YES;
				CLANG_WARN_CONSTANT_CONVERSION = YES;
				CLANG_WARN_DIRECT_OBJC_ISA_USAGE = YES_ERROR;
				CLANG_WARN_EMPTY_BODY = YES;
				CLANG_WARN_ENUM_CONVERSION = YES;
				CLANG_WARN_INT_CONVERSION = YES;
				CLANG_WARN_OBJC_ROOT_CLASS = YES_ERROR;
				CLANG_WARN_UNREACHABLE_CODE = YES;
				CLANG_WARN__DUPLICATE_METHOD_MATCH = YES;
				"CODE_SIGN_IDENTITY[sdk=iphoneos*]" = "iPhone Developer";
				COPY_PHASE_STRIP = NO;
				DEBUG_INFORMATION_FORMAT = "dwarf-with-dsym";
				ENABLE_NS_ASSERTIONS = NO;
				ENABLE_STRICT_OBJC_MSGSEND = YES;
				GCC_C_LANGUAGE_STANDARD = gnu99;
				GCC_NO_COMMON_BLOCKS = YES;
				GCC_WARN_64_TO_32_BIT_CONVERSION = YES;
				GCC_WARN_ABOUT_RETURN_TYPE = YES_ERROR;
				GCC_WARN_UNDECLARED_SELECTOR = YES;
				GCC_WARN_UNINITIALIZED_AUTOS = YES_AGGRESSIVE;
				GCC_WARN_UNUSED_FUNCTION = YES;
				GCC_WARN_UNUSED_VARIABLE = YES;
				IPHONEOS_DEPLOYMENT_TARGET = 8.4;
				MTL_ENABLE_DEBUG_INFO = NO;
				SDKROOT = iphoneos;
				VALIDATE_PRODUCT = YES;
			};
			name = Release;
		};
		3EE123691C77DC990068B4D4 /* Debug */ = {
			isa = XCBuildConfiguration;
			buildSettings = {
				ASSETCATALOG_COMPILER_APPICON_NAME = AppIcon;
				INFOPLIST_FILE = ExemploDownload/Info.plist;
				LD_RUNPATH_SEARCH_PATHS = "$(inherited) @executable_path/Frameworks";
				PRODUCT_NAME = "$(TARGET_NAME)";
			};
			name = Debug;
		};
		3EE1236A1C77DC990068B4D4 /* Release */ = {
			isa = XCBuildConfiguration;
			buildSettings = {
				ASSETCATALOG_COMPILER_APPICON_NAME = AppIcon;
				INFOPLIST_FILE = ExemploDownload/Info.plist;
				LD_RUNPATH_SEARCH_PATHS = "$(inherited) @executable_path/Frameworks";
				PRODUCT_NAME = "$(TARGET_NAME)";
			};
			name = Release;
		};
		3EE1236C1C77DC990068B4D4 /* Debug */ = {
			isa = XCBuildConfiguration;
			buildSettings = {
				BUNDLE_LOADER = "$(TEST_HOST)";
				FRAMEWORK_SEARCH_PATHS = (
					"$(SDKROOT)/Developer/Library/Frameworks",
					"$(inherited)",
				);
				GCC_PREPROCESSOR_DEFINITIONS = (
					"DEBUG=1",
					"$(inherited)",
				);
				INFOPLIST_FILE = ExemploDownloadTests/Info.plist;
				LD_RUNPATH_SEARCH_PATHS = "$(inherited) @executable_path/Frameworks @loader_path/Frameworks";
				PRODUCT_NAME = "$(TARGET_NAME)";
				TEST_HOST = "$(BUILT_PRODUCTS_DIR)/ExemploDownload.app/ExemploDownload";
			};
			name = Debug;
		};
		3EE1236D1C77DC990068B4D4 /* Release */ = {
			isa = XCBuildConfiguration;
			buildSettings = {
				BUNDLE_LOADER = "$(TEST_HOST)";
				FRAMEWORK_SEARCH_PATHS = (
					"$(SDKROOT)/Developer/Library/Frameworks",
					"$(inherited)",
				);
				INFOPLIST_FILE = ExemploDownloadTests/Info.plist;
				LD_RUNPATH_SEARCH_PATHS = "$(inherited) @executable_path/Frameworks @loader_path/Frameworks";
				PRODUCT_NAME = "$(TARGET_NAME)";
				TEST_HOST = "$(BUILT_PRODUCTS_DIR)/ExemploDownload.app/ExemploDownload";
			};
			name = Release;
		};
/* End XCBuildConfiguration section */

/* Begin XCConfigurationList section */
		3EE123401C77DC990068B4D4 /* Build configuration list for PBXProject "ExemploDownload" */ = {
			isa = XCConfigurationList;
			buildConfigurations = (
				3EE123661C77DC990068B4D4 /* Debug */,
				3EE123671C77DC990068B4D4 /* Release */,
			);
			defaultConfigurationIsVisible = 0;
			defaultConfigurationName = Release;
		};
		3EE123681C77DC990068B4D4 /* Build configuration list for PBXNativeTarget "ExemploDownload" */ = {
			isa = XCConfigurationList;
			buildConfigurations = (
				3EE123691C77DC990068B4D4 /* Debug */,
				3EE1236A1C77DC990068B4D4 /* Release */,
			);
			defaultConfigurationIsVisible = 0;
		};
		3EE1236B1C77DC990068B4D4 /* Build configuration list for PBXNativeTarget "ExemploDownloadTests" */ = {
			isa = XCConfigurationList;
			buildConfigurations = (
				3EE1236C1C77DC990068B4D4 /* Debug */,
				3EE1236D1C77DC990068B4D4 /* Release */,
			);
			defaultConfigurationIsVisible = 0;
		};
/* End XCConfigurationList section */
	};
	rootObject = 3EE1233D1C77DC990068B4D4 /* Project object */;
}
